# THIS IS AN AUTOGENERATED FILE. DO NOT EDIT THIS FILE DIRECTLY.
# yarn lockfile v1


canvas-sketch@0.0.27:
  version "0.0.27"
  resolved "https://registry.yarnpkg.com/canvas-sketch/-/canvas-sketch-0.0.27.tgz#e644411e70606ec4e73c8f76bc1c7dac426f2874"
  integrity sha512-4yY6KNGuztJHuP8JUp8G/VCdFPFk2snPHs4W0CvrPKg6ZPzt2qWRXG4+jQg/kgLDOr0/PnDx/zDc0lryS+Gtuw==
  dependencies:
    convert-length "^1.0.1"
    dateformat "^3.0.3"
    deep-equal "^1.0.1"
    defined "^1.0.0"
    get-canvas-context "^1.0.2"
    is-class "0.0.5"
    is-dom "^1.0.9"
    is-promise "^2.1.0"
    object-assign "^4.1.1"
    pad-left "^2.1.0"
    right-now "^1.0.0"

convert-length@^1.0.1:
  version "1.0.1"
  resolved "https://registry.yarnpkg.com/convert-length/-/convert-length-1.0.1.tgz#b66c7dc1f7d181916667c977f57be2f1eb17c1b7"
  integrity sha512-w94Vge3sck6J1NHuA0du367/JTbj1zfjTapX7ixR2W+KlU4zb+NRTbou3x9nTpm5vlcXmjoaUJQpVN9pULCdxQ==
  dependencies:
    defined "^1.0.0"

dateformat@^3.0.3:
  version "3.0.3"
  resolved "https://registry.yarnpkg.com/dateformat/-/dateformat-3.0.3.tgz#a6e37499a4d9a9cf85ef5872044d62901c9889ae"
  integrity sha512-jyCETtSl3VMZMWeRo7iY1FL19ges1t55hMo5yaam4Jrsm5EPL89UQkoQRyiI+Yf4k8r2ZpdngkV8hr1lIdjb3Q==

deep-equal@^1.0.1:
  version "1.0.1"
  resolved "https://registry.yarnpkg.com/deep-equal/-/deep-equal-1.0.1.tgz#f5d260292b660e084eff4cdbc9f08ad3247448b5"
  integrity sha1-9dJgKStmDghO/0zbyfCK0yR0SLU=

defined@^1.0.0:
  version "1.0.0"
  resolved "https://registry.yarnpkg.com/defined/-/defined-1.0.0.tgz#c98d9bcef75674188e110969151199e39b1fa693"
  integrity sha1-yY2bzvdWdBiOEQlpFRGZ45sfppM=

get-canvas-context@^1.0.2:
  version "1.0.2"
  resolved "https://registry.yarnpkg.com/get-canvas-context/-/get-canvas-context-1.0.2.tgz#d6e7b50bc4e4c86357cd39f22647a84b73601e93"
  integrity sha1-1ue1C8TkyGNXzTnyJkeoS3NgHpM=

is-class@0.0.5:
  version "0.0.5"
  resolved "https://registry.yarnpkg.com/is-class/-/is-class-0.0.5.tgz#220a8465d24f9a142082d06c7c56edb39052416d"
  integrity sha512-jOquneoRNrqbpDgh4hKicrMcGIl7jopvIJaWI+LyDVRzZrQy819qBaYSofOyUMTo/x5Jelvs8G5v/ptdySWy6A==

is-dom@^1.0.9:
  version "1.0.9"
  resolved "https://registry.yarnpkg.com/is-dom/-/is-dom-1.0.9.tgz#483832d52972073de12b9fe3f60320870da8370d"
  integrity sha1-SDgy1SlyBz3hK5/j9gMghw2oNw0=

is-promise@^2.1.0:
  version "2.1.0"
  resolved "https://registry.yarnpkg.com/is-promise/-/is-promise-2.1.0.tgz#79a2a9ece7f096e80f36d2b2f3bc16c1ff4bf3fa"
  integrity sha1-eaKp7OfwlugPNtKy87wWwf9L8/o=

object-assign@^4.1.1:
  version "4.1.1"
  resolved "https://registry.yarnpkg.com/object-assign/-/object-assign-4.1.1.tgz#2109adc7965887cfc05cbbd442cac8bfbb360863"
  integrity sha1-IQmtx5ZYh8/AXLvUQsrIv7s2CGM=

pad-left@^2.1.0:
  version "2.1.0"
  resolved "https://registry.yarnpkg.com/pad-left/-/pad-left-2.1.0.tgz#16e6a3b2d44a8e138cb0838cc7cb403a4fc9e994"
  integrity sha1-FuajstRKjhOMsIOMx8tAOk/J6ZQ=
  dependencies:
    repeat-string "^1.5.4"

repeat-string@^1.5.4:
  version "1.6.1"
  resolved "https://registry.yarnpkg.com/repeat-string/-/repeat-string-1.6.1.tgz#8dcae470e1c88abc2d600fff4a776286da75e637"
  integrity sha1-jcrkcOHIirwtYA//Sndihtp15jc=

right-now@^1.0.0:
  version "1.0.0"
  resolved "https://registry.yarnpkg.com/right-now/-/right-now-1.0.0.tgz#6e89609deebd7dcdaf8daecc9aea39cf585a0918"
  integrity sha1-bolgne69fc2vja7Mmuo5z1haCRg=
